
Microsoft Visual Studio Solution File, Format Version 12.00
# Visual Studio Version 17
VisualStudioVersion = 17.8.34309.116
MinimumVisualStudioVersion = 10.0.40219.1
Project("{9A19103F-16F7-4668-BE54-9A1E7A4F7556}") = "SUPERGASBRASIL-API", "SUPERGASBRASIL-API\SUPERGASBRASIL-API.csproj", "{DB9C7C94-12AF-4B7F-A4CE-CC79D8F32525}"
EndProject
Project("{FAE04EC0-301F-11D3-BF4B-00C04F79EFBC}") = "SuperGasTest", "SuperGasTest\SuperGasTest.csproj", "{8271C7F5-89A4-4549-9483-9F09902BC641}"
	ProjectSection(ProjectDependencies) = postProject
		{DB9C7C94-12AF-4B7F-A4CE-CC79D8F32525} = {DB9C7C94-12AF-4B7F-A4CE-CC79D8F32525}
	EndProjectSection
EndProject
Global
	GlobalSection(SolutionConfigurationPlatforms) = preSolution
		Debug|Any CPU = Debug|Any CPU
		Release|Any CPU = Release|Any CPU
	EndGlobalSection
	GlobalSection(ProjectConfigurationPlatforms) = postSolution
		{DB9C7C94-12AF-4B7F-A4CE-CC79D8F32525}.Debug|Any CPU.ActiveCfg = Debug|Any CPU
		{DB9C7C94-12AF-4B7F-A4CE-CC79D8F32525}.Debug|Any CPU.Build.0 = Debug|Any CPU
		{DB9C7C94-12AF-4B7F-A4CE-CC79D8F32525}.Release|Any CPU.ActiveCfg = Release|Any CPU
		{DB9C7C94-12AF-4B7F-A4CE-CC79D8F32525}.Release|Any CPU.Build.0 = Release|Any CPU
		{8271C7F5-89A4-4549-9483-9F09902BC641}.Debug|Any CPU.ActiveCfg = Debug|Any CPU
		{8271C7F5-89A4-4549-9483-9F09902BC641}.Debug|Any CPU.Build.0 = Debug|Any CPU
		{8271C7F5-89A4-4549-9483-9F09902BC641}.Release|Any CPU.ActiveCfg = Release|Any CPU
		{8271C7F5-89A4-4549-9483-9F09902BC641}.Release|Any CPU.Build.0 = Release|Any CPU
	EndGlobalSection
	GlobalSection(SolutionProperties) = preSolution
		HideSolutionNode = FALSE
	EndGlobalSection
	GlobalSection(ExtensibilityGlobals) = postSolution
		SolutionGuid = {DE0F1CE7-6A21-4F3E-938E-1955D52E488F}
	EndGlobalSection
EndGlobal
